
Microsoft Visual Studio Solution File, Format Version 11.00
# Visual Studio 2010
Project("{FAE04EC0-301F-11D3-BF4B-00C04F79EFBC}") = "MerryYellow.CodeAssist.Editor", "MerryYellow.CodeAssist.Editor.csproj", "{bc5ea382-3eb8-3f56-ab2a-7ea91e4f5c07}"
EndProject
Project("{FAE04EC0-301F-11D3-BF4B-00C04F79EFBC}") = "Assembly-CSharp", "Assembly-CSharp.csproj", "{f807d57e-ff28-9b08-b5cd-7ac9b21ba5a0}"
EndProject
Project("{FAE04EC0-301F-11D3-BF4B-00C04F79EFBC}") = "Assembly-CSharp-Editor", "Assembly-CSharp-Editor.csproj", "{c91947fb-10b0-0e86-5b12-1b84382aa55b}"
EndProject
Global
	GlobalSection(SolutionConfigurationPlatforms) = preSolution
		Debug|Any CPU = Debug|Any CPU
	EndGlobalSection
	GlobalSection(ProjectConfigurationPlatforms) = postSolution
		{bc5ea382-3eb8-3f56-ab2a-7ea91e4f5c07}.Debug|Any CPU.ActiveCfg = Debug|Any CPU
		{bc5ea382-3eb8-3f56-ab2a-7ea91e4f5c07}.Debug|Any CPU.Build.0 = Debug|Any CPU
		{f807d57e-ff28-9b08-b5cd-7ac9b21ba5a0}.Debug|Any CPU.ActiveCfg = Debug|Any CPU
		{f807d57e-ff28-9b08-b5cd-7ac9b21ba5a0}.Debug|Any CPU.Build.0 = Debug|Any CPU
		{c91947fb-10b0-0e86-5b12-1b84382aa55b}.Debug|Any CPU.ActiveCfg = Debug|Any CPU
		{c91947fb-10b0-0e86-5b12-1b84382aa55b}.Debug|Any CPU.Build.0 = Debug|Any CPU
	EndGlobalSection
	GlobalSection(SolutionProperties) = preSolution
		HideSolutionNode = FALSE
	EndGlobalSection
EndGlobal
