
Microsoft Visual Studio Solution File, Format Version 12.00
# Visual Studio 15
Project("{FAE04EC0-301F-11D3-BF4B-00C04F79EFBC}") = "Unity.Timeline", "Unity.Timeline.csproj", "{F09F523B-128C-FF78-5498-D10FDB666DEE}"
EndProject
Project("{FAE04EC0-301F-11D3-BF4B-00C04F79EFBC}") = "Unity.PlasticSCM.Editor", "Unity.PlasticSCM.Editor.csproj", "{DFCD0019-AFEE-4240-64C1-8F1B07225117}"
EndProject
Project("{FAE04EC0-301F-11D3-BF4B-00C04F79EFBC}") = "MerryYellow.CodeAssist.Editor", "MerryYellow.CodeAssist.Editor.csproj", "{AE46CB28-E73C-F517-DFA3-AF922A88A67C}"
EndProject
Project("{FAE04EC0-301F-11D3-BF4B-00C04F79EFBC}") = "Unity.Mathematics", "Unity.Mathematics.csproj", "{24F30AA2-3B23-1AC5-ED0B-A545E5A2C30E}"
EndProject
Project("{FAE04EC0-301F-11D3-BF4B-00C04F79EFBC}") = "Unity.Timeline.Editor", "Unity.Timeline.Editor.csproj", "{D887CA01-CD37-8AB3-A52F-203DF3C4E045}"
EndProject
Project("{FAE04EC0-301F-11D3-BF4B-00C04F79EFBC}") = "Unity.Cinemachine.Editor", "Unity.Cinemachine.Editor.csproj", "{ED9009E6-7797-D469-37C3-8B3C0166E11D}"
EndProject
Project("{FAE04EC0-301F-11D3-BF4B-00C04F79EFBC}") = "Unity.TerrainTools.Editor", "Unity.TerrainTools.Editor.csproj", "{2D0418C7-99D8-1153-7621-D0CF71476F99}"
EndProject
Project("{FAE04EC0-301F-11D3-BF4B-00C04F79EFBC}") = "Unity.Collections", "Unity.Collections.csproj", "{D98EECCC-0715-C121-1936-8AD03C0F1DD9}"
EndProject
Project("{FAE04EC0-301F-11D3-BF4B-00C04F79EFBC}") = "Unity.VisualScripting.Core.Editor", "Unity.VisualScripting.Core.Editor.csproj", "{D2628671-FD08-EB17-A821-DC43461E91E6}"
EndProject
Project("{FAE04EC0-301F-11D3-BF4B-00C04F79EFBC}") = "Unity.PerformanceTesting.Editor", "Unity.PerformanceTesting.Editor.csproj", "{400B3AE4-588C-F014-87F8-892B4379A408}"
EndProject
Project("{FAE04EC0-301F-11D3-BF4B-00C04F79EFBC}") = "Unity.Splines", "Unity.Splines.csproj", "{F44B9D90-35E5-CE71-B49B-38473824E8E9}"
EndProject
Project("{FAE04EC0-301F-11D3-BF4B-00C04F79EFBC}") = "Unity.Burst", "Unity.Burst.csproj", "{A43B612B-9E5D-FA2A-7C3D-5C1E422D8FE6}"
EndProject
Project("{FAE04EC0-301F-11D3-BF4B-00C04F79EFBC}") = "Fusion.Unity.Editor", "Fusion.Unity.Editor.csproj", "{41E0B4F3-7AAD-D641-3377-67694B301356}"
EndProject
Project("{FAE04EC0-301F-11D3-BF4B-00C04F79EFBC}") = "Unity.VisualScripting.Flow.Editor", "Unity.VisualScripting.Flow.Editor.csproj", "{1D51ABCB-19C2-7E62-14DA-39FB6490F51C}"
EndProject
Project("{FAE04EC0-301F-11D3-BF4B-00C04F79EFBC}") = "Assembly-CSharp", "Assembly-CSharp.csproj", "{CE0EC75D-FFF1-E880-FB21-69026E2F8622}"
EndProject
Project("{FAE04EC0-301F-11D3-BF4B-00C04F79EFBC}") = "Unity.VisualStudio.Editor", "Unity.VisualStudio.Editor.csproj", "{4FECD41A-5EAA-D6BB-EF9D-65E94776A4A2}"
EndProject
Project("{FAE04EC0-301F-11D3-BF4B-00C04F79EFBC}") = "Unity.InputSystem", "Unity.InputSystem.csproj", "{A43C027F-9323-BF50-46E9-BC5C58AAE3FC}"
EndProject
Project("{FAE04EC0-301F-11D3-BF4B-00C04F79EFBC}") = "Unity.Searcher.Editor", "Unity.Searcher.Editor.csproj", "{6ED645CD-F084-3ABA-FBD4-746A9FAAAC1A}"
EndProject
Project("{FAE04EC0-301F-11D3-BF4B-00C04F79EFBC}") = "Unity.VisualScripting.Core", "Unity.VisualScripting.Core.csproj", "{3FAC5832-902D-9E6C-12E5-0F5F965683C4}"
EndProject
Project("{FAE04EC0-301F-11D3-BF4B-00C04F79EFBC}") = "Unity.AI.Navigation.Editor.ConversionSystem", "Unity.AI.Navigation.Editor.ConversionSystem.csproj", "{CBB92511-B608-CBC8-B2B6-727FEEB97D5F}"
EndProject
Project("{FAE04EC0-301F-11D3-BF4B-00C04F79EFBC}") = "Unity.VisualScripting.State.Editor", "Unity.VisualScripting.State.Editor.csproj", "{F8C61675-4A74-BF71-0B7A-5EEB141A3397}"
EndProject
Project("{FAE04EC0-301F-11D3-BF4B-00C04F79EFBC}") = "Unity.Burst.CodeGen", "Unity.Burst.CodeGen.csproj", "{C20A6206-73BD-A1A1-1DAD-E6EE5FE47CEA}"
EndProject
Project("{FAE04EC0-301F-11D3-BF4B-00C04F79EFBC}") = "Unity.Cinemachine", "Unity.Cinemachine.csproj", "{6B5951DD-23B0-0A98-A64A-E3B69DADB6A1}"
EndProject
Project("{FAE04EC0-301F-11D3-BF4B-00C04F79EFBC}") = "Unity.Postprocessing.Editor", "Unity.Postprocessing.Editor.csproj", "{05B1CAB5-B71E-30DE-3DF3-7918669B2F21}"
EndProject
Project("{FAE04EC0-301F-11D3-BF4B-00C04F79EFBC}") = "Unity.VisualScripting.Flow", "Unity.VisualScripting.Flow.csproj", "{3DEC0942-ABF2-609C-1351-A6143BBC7147}"
EndProject
Project("{FAE04EC0-301F-11D3-BF4B-00C04F79EFBC}") = "Unity.Splines.Editor", "Unity.Splines.Editor.csproj", "{4CA78E5A-14FB-DF84-81C3-15EC65C34A6F}"
EndProject
Project("{FAE04EC0-301F-11D3-BF4B-00C04F79EFBC}") = "Unity.PerformanceTesting", "Unity.PerformanceTesting.csproj", "{7301C121-A715-2E5D-FB50-E927DED78E6E}"
EndProject
Project("{FAE04EC0-301F-11D3-BF4B-00C04F79EFBC}") = "Unity.Burst.Editor", "Unity.Burst.Editor.csproj", "{997C4876-58AD-8328-F100-CE38BFA4CDC7}"
EndProject
Project("{FAE04EC0-301F-11D3-BF4B-00C04F79EFBC}") = "Unity.Rider.Editor", "Unity.Rider.Editor.csproj", "{C26BB814-BC73-7CB2-821B-CE1CE774D8EF}"
EndProject
Project("{FAE04EC0-301F-11D3-BF4B-00C04F79EFBC}") = "Unity.VisualScripting.State", "Unity.VisualScripting.State.csproj", "{701BB98D-BE47-2438-DF90-336FD7A98C28}"
EndProject
Project("{FAE04EC0-301F-11D3-BF4B-00C04F79EFBC}") = "Unity.AI.Navigation.Updater", "Unity.AI.Navigation.Updater.csproj", "{87463683-353E-C207-F7E6-2304728B0CC9}"
EndProject
Project("{FAE04EC0-301F-11D3-BF4B-00C04F79EFBC}") = "Unity.Postprocessing.Runtime", "Unity.Postprocessing.Runtime.csproj", "{E4C2FBFE-D420-CB40-F587-A8902409EE8F}"
EndProject
Project("{FAE04EC0-301F-11D3-BF4B-00C04F79EFBC}") = "Unity.AI.Navigation.Editor", "Unity.AI.Navigation.Editor.csproj", "{0890EDDC-CCC8-549A-DCAA-17A8BB7C0F3D}"
EndProject
Project("{FAE04EC0-301F-11D3-BF4B-00C04F79EFBC}") = "Unity.InputSystem.ForUI", "Unity.InputSystem.ForUI.csproj", "{51297DE9-072B-E81F-ED34-6368FE758A28}"
EndProject
Project("{FAE04EC0-301F-11D3-BF4B-00C04F79EFBC}") = "Fusion.Unity", "Fusion.Unity.csproj", "{5DF787A4-C8C3-D86A-1DBA-4CEFB143F39D}"
EndProject
Project("{FAE04EC0-301F-11D3-BF4B-00C04F79EFBC}") = "Unity.AI.Navigation", "Unity.AI.Navigation.csproj", "{FCF2F1BE-3523-24CD-B282-DFD609FD4264}"
EndProject
Project("{FAE04EC0-301F-11D3-BF4B-00C04F79EFBC}") = "Unity.Collections.CodeGen", "Unity.Collections.CodeGen.csproj", "{46C260F3-C885-5EA5-D44E-F06FFCDE54D5}"
EndProject
Project("{FAE04EC0-301F-11D3-BF4B-00C04F79EFBC}") = "Unity.Mathematics.Editor", "Unity.Mathematics.Editor.csproj", "{05125C4A-74F7-1C81-2C86-3D3815A32F8C}"
EndProject
Project("{FAE04EC0-301F-11D3-BF4B-00C04F79EFBC}") = "Unity.VisualScripting.SettingsProvider.Editor", "Unity.VisualScripting.SettingsProvider.Editor.csproj", "{533827C4-BFCE-C7B5-657B-95535E57F579}"
EndProject
Project("{FAE04EC0-301F-11D3-BF4B-00C04F79EFBC}") = "Unity.Settings.Editor", "Unity.Settings.Editor.csproj", "{E50DE876-BDAA-5715-7B48-874665688C3D}"
EndProject
Project("{FAE04EC0-301F-11D3-BF4B-00C04F79EFBC}") = "Unity.InputSystem.TestFramework", "Unity.InputSystem.TestFramework.csproj", "{5A15B22E-F6BA-2669-9886-05E68D9A01DC}"
EndProject
Project("{FAE04EC0-301F-11D3-BF4B-00C04F79EFBC}") = "Unity.VisualScripting.Shared.Editor", "Unity.VisualScripting.Shared.Editor.csproj", "{F1038651-BFBF-3B80-D392-AC5AA90CF42B}"
EndProject
Project("{FAE04EC0-301F-11D3-BF4B-00C04F79EFBC}") = "Unity.CollabProxy.Editor", "Unity.CollabProxy.Editor.csproj", "{A82AF55B-D594-CB69-1F27-A79CBAE98460}"
EndProject
Project("{FAE04EC0-301F-11D3-BF4B-00C04F79EFBC}") = "Unity.TerrainTools", "Unity.TerrainTools.csproj", "{EEC5FCEA-C972-E15D-C384-F5C0DED617BD}"
EndProject
Project("{FAE04EC0-301F-11D3-BF4B-00C04F79EFBC}") = "Unity.InputSystem.DocCodeSamples", "Unity.InputSystem.DocCodeSamples.csproj", "{B0F3E9D8-D6E2-832A-2DD1-B76BC9DA9086}"
EndProject
Project("{FAE04EC0-301F-11D3-BF4B-00C04F79EFBC}") = "Unity.VisualScripting.DocCodeExamples", "Unity.VisualScripting.DocCodeExamples.csproj", "{E89D893B-230B-B2DD-D6D2-613EB82F3FFA}"
EndProject
Project("{FAE04EC0-301F-11D3-BF4B-00C04F79EFBC}") = "Unity.PlasticSCM.Editor.Entities", "Unity.PlasticSCM.Editor.Entities.csproj", "{B998AC9B-1F09-75EB-C87E-911CE806EA68}"
EndProject
Project("{FAE04EC0-301F-11D3-BF4B-00C04F79EFBC}") = "Unity.Fusion.CodeGen", "Unity.Fusion.CodeGen.csproj", "{37DAA607-6301-481F-34FF-99A5250D0B91}"
EndProject
Project("{FAE04EC0-301F-11D3-BF4B-00C04F79EFBC}") = "Unity.Collections.Editor", "Unity.Collections.Editor.csproj", "{7E94E173-1102-BE83-A14A-8CA307300FA5}"
EndProject
Global
	GlobalSection(SolutionConfigurationPlatforms) = preSolution
		Debug|Any CPU = Debug|Any CPU
		Release|Any CPU = Release|Any CPU
	EndGlobalSection
	GlobalSection(ProjectConfigurationPlatforms) = postSolution
		{F09F523B-128C-FF78-5498-D10FDB666DEE}.Debug|Any CPU.ActiveCfg = Debug|Any CPU
		{F09F523B-128C-FF78-5498-D10FDB666DEE}.Debug|Any CPU.Build.0 = Debug|Any CPU
		{F09F523B-128C-FF78-5498-D10FDB666DEE}.Release|Any CPU.ActiveCfg = Release|Any CPU
		{F09F523B-128C-FF78-5498-D10FDB666DEE}.Release|Any CPU.Build.0 = Release|Any CPU
		{DFCD0019-AFEE-4240-64C1-8F1B07225117}.Debug|Any CPU.ActiveCfg = Debug|Any CPU
		{DFCD0019-AFEE-4240-64C1-8F1B07225117}.Debug|Any CPU.Build.0 = Debug|Any CPU
		{DFCD0019-AFEE-4240-64C1-8F1B07225117}.Release|Any CPU.ActiveCfg = Release|Any CPU
		{DFCD0019-AFEE-4240-64C1-8F1B07225117}.Release|Any CPU.Build.0 = Release|Any CPU
		{AE46CB28-E73C-F517-DFA3-AF922A88A67C}.Debug|Any CPU.ActiveCfg = Debug|Any CPU
		{AE46CB28-E73C-F517-DFA3-AF922A88A67C}.Debug|Any CPU.Build.0 = Debug|Any CPU
		{AE46CB28-E73C-F517-DFA3-AF922A88A67C}.Release|Any CPU.ActiveCfg = Release|Any CPU
		{AE46CB28-E73C-F517-DFA3-AF922A88A67C}.Release|Any CPU.Build.0 = Release|Any CPU
		{24F30AA2-3B23-1AC5-ED0B-A545E5A2C30E}.Debug|Any CPU.ActiveCfg = Debug|Any CPU
		{24F30AA2-3B23-1AC5-ED0B-A545E5A2C30E}.Debug|Any CPU.Build.0 = Debug|Any CPU
		{24F30AA2-3B23-1AC5-ED0B-A545E5A2C30E}.Release|Any CPU.ActiveCfg = Release|Any CPU
		{24F30AA2-3B23-1AC5-ED0B-A545E5A2C30E}.Release|Any CPU.Build.0 = Release|Any CPU
		{D887CA01-CD37-8AB3-A52F-203DF3C4E045}.Debug|Any CPU.ActiveCfg = Debug|Any CPU
		{D887CA01-CD37-8AB3-A52F-203DF3C4E045}.Debug|Any CPU.Build.0 = Debug|Any CPU
		{D887CA01-CD37-8AB3-A52F-203DF3C4E045}.Release|Any CPU.ActiveCfg = Release|Any CPU
		{D887CA01-CD37-8AB3-A52F-203DF3C4E045}.Release|Any CPU.Build.0 = Release|Any CPU
		{ED9009E6-7797-D469-37C3-8B3C0166E11D}.Debug|Any CPU.ActiveCfg = Debug|Any CPU
		{ED9009E6-7797-D469-37C3-8B3C0166E11D}.Debug|Any CPU.Build.0 = Debug|Any CPU
		{ED9009E6-7797-D469-37C3-8B3C0166E11D}.Release|Any CPU.ActiveCfg = Release|Any CPU
		{ED9009E6-7797-D469-37C3-8B3C0166E11D}.Release|Any CPU.Build.0 = Release|Any CPU
		{2D0418C7-99D8-1153-7621-D0CF71476F99}.Debug|Any CPU.ActiveCfg = Debug|Any CPU
		{2D0418C7-99D8-1153-7621-D0CF71476F99}.Debug|Any CPU.Build.0 = Debug|Any CPU
		{2D0418C7-99D8-1153-7621-D0CF71476F99}.Release|Any CPU.ActiveCfg = Release|Any CPU
		{2D0418C7-99D8-1153-7621-D0CF71476F99}.Release|Any CPU.Build.0 = Release|Any CPU
		{D98EECCC-0715-C121-1936-8AD03C0F1DD9}.Debug|Any CPU.ActiveCfg = Debug|Any CPU
		{D98EECCC-0715-C121-1936-8AD03C0F1DD9}.Debug|Any CPU.Build.0 = Debug|Any CPU
		{D98EECCC-0715-C121-1936-8AD03C0F1DD9}.Release|Any CPU.ActiveCfg = Release|Any CPU
		{D98EECCC-0715-C121-1936-8AD03C0F1DD9}.Release|Any CPU.Build.0 = Release|Any CPU
		{D2628671-FD08-EB17-A821-DC43461E91E6}.Debug|Any CPU.ActiveCfg = Debug|Any CPU
		{D2628671-FD08-EB17-A821-DC43461E91E6}.Debug|Any CPU.Build.0 = Debug|Any CPU
		{D2628671-FD08-EB17-A821-DC43461E91E6}.Release|Any CPU.ActiveCfg = Release|Any CPU
		{D2628671-FD08-EB17-A821-DC43461E91E6}.Release|Any CPU.Build.0 = Release|Any CPU
		{400B3AE4-588C-F014-87F8-892B4379A408}.Debug|Any CPU.ActiveCfg = Debug|Any CPU
		{400B3AE4-588C-F014-87F8-892B4379A408}.Debug|Any CPU.Build.0 = Debug|Any CPU
		{400B3AE4-588C-F014-87F8-892B4379A408}.Release|Any CPU.ActiveCfg = Release|Any CPU
		{400B3AE4-588C-F014-87F8-892B4379A408}.Release|Any CPU.Build.0 = Release|Any CPU
		{F44B9D90-35E5-CE71-B49B-38473824E8E9}.Debug|Any CPU.ActiveCfg = Debug|Any CPU
		{F44B9D90-35E5-CE71-B49B-38473824E8E9}.Debug|Any CPU.Build.0 = Debug|Any CPU
		{F44B9D90-35E5-CE71-B49B-38473824E8E9}.Release|Any CPU.ActiveCfg = Release|Any CPU
		{F44B9D90-35E5-CE71-B49B-38473824E8E9}.Release|Any CPU.Build.0 = Release|Any CPU
		{A43B612B-9E5D-FA2A-7C3D-5C1E422D8FE6}.Debug|Any CPU.ActiveCfg = Debug|Any CPU
		{A43B612B-9E5D-FA2A-7C3D-5C1E422D8FE6}.Debug|Any CPU.Build.0 = Debug|Any CPU
		{A43B612B-9E5D-FA2A-7C3D-5C1E422D8FE6}.Release|Any CPU.ActiveCfg = Release|Any CPU
		{A43B612B-9E5D-FA2A-7C3D-5C1E422D8FE6}.Release|Any CPU.Build.0 = Release|Any CPU
		{41E0B4F3-7AAD-D641-3377-67694B301356}.Debug|Any CPU.ActiveCfg = Debug|Any CPU
		{41E0B4F3-7AAD-D641-3377-67694B301356}.Debug|Any CPU.Build.0 = Debug|Any CPU
		{41E0B4F3-7AAD-D641-3377-67694B301356}.Release|Any CPU.ActiveCfg = Release|Any CPU
		{41E0B4F3-7AAD-D641-3377-67694B301356}.Release|Any CPU.Build.0 = Release|Any CPU
		{1D51ABCB-19C2-7E62-14DA-39FB6490F51C}.Debug|Any CPU.ActiveCfg = Debug|Any CPU
		{1D51ABCB-19C2-7E62-14DA-39FB6490F51C}.Debug|Any CPU.Build.0 = Debug|Any CPU
		{1D51ABCB-19C2-7E62-14DA-39FB6490F51C}.Release|Any CPU.ActiveCfg = Release|Any CPU
		{1D51ABCB-19C2-7E62-14DA-39FB6490F51C}.Release|Any CPU.Build.0 = Release|Any CPU
		{CE0EC75D-FFF1-E880-FB21-69026E2F8622}.Debug|Any CPU.ActiveCfg = Debug|Any CPU
		{CE0EC75D-FFF1-E880-FB21-69026E2F8622}.Debug|Any CPU.Build.0 = Debug|Any CPU
		{CE0EC75D-FFF1-E880-FB21-69026E2F8622}.Release|Any CPU.ActiveCfg = Release|Any CPU
		{CE0EC75D-FFF1-E880-FB21-69026E2F8622}.Release|Any CPU.Build.0 = Release|Any CPU
		{4FECD41A-5EAA-D6BB-EF9D-65E94776A4A2}.Debug|Any CPU.ActiveCfg = Debug|Any CPU
		{4FECD41A-5EAA-D6BB-EF9D-65E94776A4A2}.Debug|Any CPU.Build.0 = Debug|Any CPU
		{4FECD41A-5EAA-D6BB-EF9D-65E94776A4A2}.Release|Any CPU.ActiveCfg = Release|Any CPU
		{4FECD41A-5EAA-D6BB-EF9D-65E94776A4A2}.Release|Any CPU.Build.0 = Release|Any CPU
		{A43C027F-9323-BF50-46E9-BC5C58AAE3FC}.Debug|Any CPU.ActiveCfg = Debug|Any CPU
		{A43C027F-9323-BF50-46E9-BC5C58AAE3FC}.Debug|Any CPU.Build.0 = Debug|Any CPU
		{A43C027F-9323-BF50-46E9-BC5C58AAE3FC}.Release|Any CPU.ActiveCfg = Release|Any CPU
		{A43C027F-9323-BF50-46E9-BC5C58AAE3FC}.Release|Any CPU.Build.0 = Release|Any CPU
		{6ED645CD-F084-3ABA-FBD4-746A9FAAAC1A}.Debug|Any CPU.ActiveCfg = Debug|Any CPU
		{6ED645CD-F084-3ABA-FBD4-746A9FAAAC1A}.Debug|Any CPU.Build.0 = Debug|Any CPU
		{6ED645CD-F084-3ABA-FBD4-746A9FAAAC1A}.Release|Any CPU.ActiveCfg = Release|Any CPU
		{6ED645CD-F084-3ABA-FBD4-746A9FAAAC1A}.Release|Any CPU.Build.0 = Release|Any CPU
		{3FAC5832-902D-9E6C-12E5-0F5F965683C4}.Debug|Any CPU.ActiveCfg = Debug|Any CPU
		{3FAC5832-902D-9E6C-12E5-0F5F965683C4}.Debug|Any CPU.Build.0 = Debug|Any CPU
		{3FAC5832-902D-9E6C-12E5-0F5F965683C4}.Release|Any CPU.ActiveCfg = Release|Any CPU
		{3FAC5832-902D-9E6C-12E5-0F5F965683C4}.Release|Any CPU.Build.0 = Release|Any CPU
		{CBB92511-B608-CBC8-B2B6-727FEEB97D5F}.Debug|Any CPU.ActiveCfg = Debug|Any CPU
		{CBB92511-B608-CBC8-B2B6-727FEEB97D5F}.Debug|Any CPU.Build.0 = Debug|Any CPU
		{CBB92511-B608-CBC8-B2B6-727FEEB97D5F}.Release|Any CPU.ActiveCfg = Release|Any CPU
		{CBB92511-B608-CBC8-B2B6-727FEEB97D5F}.Release|Any CPU.Build.0 = Release|Any CPU
		{F8C61675-4A74-BF71-0B7A-5EEB141A3397}.Debug|Any CPU.ActiveCfg = Debug|Any CPU
		{F8C61675-4A74-BF71-0B7A-5EEB141A3397}.Debug|Any CPU.Build.0 = Debug|Any CPU
		{F8C61675-4A74-BF71-0B7A-5EEB141A3397}.Release|Any CPU.ActiveCfg = Release|Any CPU
		{F8C61675-4A74-BF71-0B7A-5EEB141A3397}.Release|Any CPU.Build.0 = Release|Any CPU
		{C20A6206-73BD-A1A1-1DAD-E6EE5FE47CEA}.Debug|Any CPU.ActiveCfg = Debug|Any CPU
		{C20A6206-73BD-A1A1-1DAD-E6EE5FE47CEA}.Debug|Any CPU.Build.0 = Debug|Any CPU
		{C20A6206-73BD-A1A1-1DAD-E6EE5FE47CEA}.Release|Any CPU.ActiveCfg = Release|Any CPU
		{C20A6206-73BD-A1A1-1DAD-E6EE5FE47CEA}.Release|Any CPU.Build.0 = Release|Any CPU
		{6B5951DD-23B0-0A98-A64A-E3B69DADB6A1}.Debug|Any CPU.ActiveCfg = Debug|Any CPU
		{6B5951DD-23B0-0A98-A64A-E3B69DADB6A1}.Debug|Any CPU.Build.0 = Debug|Any CPU
		{6B5951DD-23B0-0A98-A64A-E3B69DADB6A1}.Release|Any CPU.ActiveCfg = Release|Any CPU
		{6B5951DD-23B0-0A98-A64A-E3B69DADB6A1}.Release|Any CPU.Build.0 = Release|Any CPU
		{05B1CAB5-B71E-30DE-3DF3-7918669B2F21}.Debug|Any CPU.ActiveCfg = Debug|Any CPU
		{05B1CAB5-B71E-30DE-3DF3-7918669B2F21}.Debug|Any CPU.Build.0 = Debug|Any CPU
		{05B1CAB5-B71E-30DE-3DF3-7918669B2F21}.Release|Any CPU.ActiveCfg = Release|Any CPU
		{05B1CAB5-B71E-30DE-3DF3-7918669B2F21}.Release|Any CPU.Build.0 = Release|Any CPU
		{3DEC0942-ABF2-609C-1351-A6143BBC7147}.Debug|Any CPU.ActiveCfg = Debug|Any CPU
		{3DEC0942-ABF2-609C-1351-A6143BBC7147}.Debug|Any CPU.Build.0 = Debug|Any CPU
		{3DEC0942-ABF2-609C-1351-A6143BBC7147}.Release|Any CPU.ActiveCfg = Release|Any CPU
		{3DEC0942-ABF2-609C-1351-A6143BBC7147}.Release|Any CPU.Build.0 = Release|Any CPU
		{4CA78E5A-14FB-DF84-81C3-15EC65C34A6F}.Debug|Any CPU.ActiveCfg = Debug|Any CPU
		{4CA78E5A-14FB-DF84-81C3-15EC65C34A6F}.Debug|Any CPU.Build.0 = Debug|Any CPU
		{4CA78E5A-14FB-DF84-81C3-15EC65C34A6F}.Release|Any CPU.ActiveCfg = Release|Any CPU
		{4CA78E5A-14FB-DF84-81C3-15EC65C34A6F}.Release|Any CPU.Build.0 = Release|Any CPU
		{7301C121-A715-2E5D-FB50-E927DED78E6E}.Debug|Any CPU.ActiveCfg = Debug|Any CPU
		{7301C121-A715-2E5D-FB50-E927DED78E6E}.Debug|Any CPU.Build.0 = Debug|Any CPU
		{7301C121-A715-2E5D-FB50-E927DED78E6E}.Release|Any CPU.ActiveCfg = Release|Any CPU
		{7301C121-A715-2E5D-FB50-E927DED78E6E}.Release|Any CPU.Build.0 = Release|Any CPU
		{997C4876-58AD-8328-F100-CE38BFA4CDC7}.Debug|Any CPU.ActiveCfg = Debug|Any CPU
		{997C4876-58AD-8328-F100-CE38BFA4CDC7}.Debug|Any CPU.Build.0 = Debug|Any CPU
		{997C4876-58AD-8328-F100-CE38BFA4CDC7}.Release|Any CPU.ActiveCfg = Release|Any CPU
		{997C4876-58AD-8328-F100-CE38BFA4CDC7}.Release|Any CPU.Build.0 = Release|Any CPU
		{C26BB814-BC73-7CB2-821B-CE1CE774D8EF}.Debug|Any CPU.ActiveCfg = Debug|Any CPU
		{C26BB814-BC73-7CB2-821B-CE1CE774D8EF}.Debug|Any CPU.Build.0 = Debug|Any CPU
		{C26BB814-BC73-7CB2-821B-CE1CE774D8EF}.Release|Any CPU.ActiveCfg = Release|Any CPU
		{C26BB814-BC73-7CB2-821B-CE1CE774D8EF}.Release|Any CPU.Build.0 = Release|Any CPU
		{701BB98D-BE47-2438-DF90-336FD7A98C28}.Debug|Any CPU.ActiveCfg = Debug|Any CPU
		{701BB98D-BE47-2438-DF90-336FD7A98C28}.Debug|Any CPU.Build.0 = Debug|Any CPU
		{701BB98D-BE47-2438-DF90-336FD7A98C28}.Release|Any CPU.ActiveCfg = Release|Any CPU
		{701BB98D-BE47-2438-DF90-336FD7A98C28}.Release|Any CPU.Build.0 = Release|Any CPU
		{87463683-353E-C207-F7E6-2304728B0CC9}.Debug|Any CPU.ActiveCfg = Debug|Any CPU
		{87463683-353E-C207-F7E6-2304728B0CC9}.Debug|Any CPU.Build.0 = Debug|Any CPU
		{87463683-353E-C207-F7E6-2304728B0CC9}.Release|Any CPU.ActiveCfg = Release|Any CPU
		{87463683-353E-C207-F7E6-2304728B0CC9}.Release|Any CPU.Build.0 = Release|Any CPU
		{E4C2FBFE-D420-CB40-F587-A8902409EE8F}.Debug|Any CPU.ActiveCfg = Debug|Any CPU
		{E4C2FBFE-D420-CB40-F587-A8902409EE8F}.Debug|Any CPU.Build.0 = Debug|Any CPU
		{E4C2FBFE-D420-CB40-F587-A8902409EE8F}.Release|Any CPU.ActiveCfg = Release|Any CPU
		{E4C2FBFE-D420-CB40-F587-A8902409EE8F}.Release|Any CPU.Build.0 = Release|Any CPU
		{0890EDDC-CCC8-549A-DCAA-17A8BB7C0F3D}.Debug|Any CPU.ActiveCfg = Debug|Any CPU
		{0890EDDC-CCC8-549A-DCAA-17A8BB7C0F3D}.Debug|Any CPU.Build.0 = Debug|Any CPU
		{0890EDDC-CCC8-549A-DCAA-17A8BB7C0F3D}.Release|Any CPU.ActiveCfg = Release|Any CPU
		{0890EDDC-CCC8-549A-DCAA-17A8BB7C0F3D}.Release|Any CPU.Build.0 = Release|Any CPU
		{51297DE9-072B-E81F-ED34-6368FE758A28}.Debug|Any CPU.ActiveCfg = Debug|Any CPU
		{51297DE9-072B-E81F-ED34-6368FE758A28}.Debug|Any CPU.Build.0 = Debug|Any CPU
		{51297DE9-072B-E81F-ED34-6368FE758A28}.Release|Any CPU.ActiveCfg = Release|Any CPU
		{51297DE9-072B-E81F-ED34-6368FE758A28}.Release|Any CPU.Build.0 = Release|Any CPU
		{5DF787A4-C8C3-D86A-1DBA-4CEFB143F39D}.Debug|Any CPU.ActiveCfg = Debug|Any CPU
		{5DF787A4-C8C3-D86A-1DBA-4CEFB143F39D}.Debug|Any CPU.Build.0 = Debug|Any CPU
		{5DF787A4-C8C3-D86A-1DBA-4CEFB143F39D}.Release|Any CPU.ActiveCfg = Release|Any CPU
		{5DF787A4-C8C3-D86A-1DBA-4CEFB143F39D}.Release|Any CPU.Build.0 = Release|Any CPU
		{FCF2F1BE-3523-24CD-B282-DFD609FD4264}.Debug|Any CPU.ActiveCfg = Debug|Any CPU
		{FCF2F1BE-3523-24CD-B282-DFD609FD4264}.Debug|Any CPU.Build.0 = Debug|Any CPU
		{FCF2F1BE-3523-24CD-B282-DFD609FD4264}.Release|Any CPU.ActiveCfg = Release|Any CPU
		{FCF2F1BE-3523-24CD-B282-DFD609FD4264}.Release|Any CPU.Build.0 = Release|Any CPU
		{46C260F3-C885-5EA5-D44E-F06FFCDE54D5}.Debug|Any CPU.ActiveCfg = Debug|Any CPU
		{46C260F3-C885-5EA5-D44E-F06FFCDE54D5}.Debug|Any CPU.Build.0 = Debug|Any CPU
		{46C260F3-C885-5EA5-D44E-F06FFCDE54D5}.Release|Any CPU.ActiveCfg = Release|Any CPU
		{46C260F3-C885-5EA5-D44E-F06FFCDE54D5}.Release|Any CPU.Build.0 = Release|Any CPU
		{05125C4A-74F7-1C81-2C86-3D3815A32F8C}.Debug|Any CPU.ActiveCfg = Debug|Any CPU
		{05125C4A-74F7-1C81-2C86-3D3815A32F8C}.Debug|Any CPU.Build.0 = Debug|Any CPU
		{05125C4A-74F7-1C81-2C86-3D3815A32F8C}.Release|Any CPU.ActiveCfg = Release|Any CPU
		{05125C4A-74F7-1C81-2C86-3D3815A32F8C}.Release|Any CPU.Build.0 = Release|Any CPU
		{533827C4-BFCE-C7B5-657B-95535E57F579}.Debug|Any CPU.ActiveCfg = Debug|Any CPU
		{533827C4-BFCE-C7B5-657B-95535E57F579}.Debug|Any CPU.Build.0 = Debug|Any CPU
		{533827C4-BFCE-C7B5-657B-95535E57F579}.Release|Any CPU.ActiveCfg = Release|Any CPU
		{533827C4-BFCE-C7B5-657B-95535E57F579}.Release|Any CPU.Build.0 = Release|Any CPU
		{E50DE876-BDAA-5715-7B48-874665688C3D}.Debug|Any CPU.ActiveCfg = Debug|Any CPU
		{E50DE876-BDAA-5715-7B48-874665688C3D}.Debug|Any CPU.Build.0 = Debug|Any CPU
		{E50DE876-BDAA-5715-7B48-874665688C3D}.Release|Any CPU.ActiveCfg = Release|Any CPU
		{E50DE876-BDAA-5715-7B48-874665688C3D}.Release|Any CPU.Build.0 = Release|Any CPU
		{5A15B22E-F6BA-2669-9886-05E68D9A01DC}.Debug|Any CPU.ActiveCfg = Debug|Any CPU
		{5A15B22E-F6BA-2669-9886-05E68D9A01DC}.Debug|Any CPU.Build.0 = Debug|Any CPU
		{5A15B22E-F6BA-2669-9886-05E68D9A01DC}.Release|Any CPU.ActiveCfg = Release|Any CPU
		{5A15B22E-F6BA-2669-9886-05E68D9A01DC}.Release|Any CPU.Build.0 = Release|Any CPU
		{F1038651-BFBF-3B80-D392-AC5AA90CF42B}.Debug|Any CPU.ActiveCfg = Debug|Any CPU
		{F1038651-BFBF-3B80-D392-AC5AA90CF42B}.Debug|Any CPU.Build.0 = Debug|Any CPU
		{F1038651-BFBF-3B80-D392-AC5AA90CF42B}.Release|Any CPU.ActiveCfg = Release|Any CPU
		{F1038651-BFBF-3B80-D392-AC5AA90CF42B}.Release|Any CPU.Build.0 = Release|Any CPU
		{A82AF55B-D594-CB69-1F27-A79CBAE98460}.Debug|Any CPU.ActiveCfg = Debug|Any CPU
		{A82AF55B-D594-CB69-1F27-A79CBAE98460}.Debug|Any CPU.Build.0 = Debug|Any CPU
		{A82AF55B-D594-CB69-1F27-A79CBAE98460}.Release|Any CPU.ActiveCfg = Release|Any CPU
		{A82AF55B-D594-CB69-1F27-A79CBAE98460}.Release|Any CPU.Build.0 = Release|Any CPU
		{EEC5FCEA-C972-E15D-C384-F5C0DED617BD}.Debug|Any CPU.ActiveCfg = Debug|Any CPU
		{EEC5FCEA-C972-E15D-C384-F5C0DED617BD}.Debug|Any CPU.Build.0 = Debug|Any CPU
		{EEC5FCEA-C972-E15D-C384-F5C0DED617BD}.Release|Any CPU.ActiveCfg = Release|Any CPU
		{EEC5FCEA-C972-E15D-C384-F5C0DED617BD}.Release|Any CPU.Build.0 = Release|Any CPU
		{B0F3E9D8-D6E2-832A-2DD1-B76BC9DA9086}.Debug|Any CPU.ActiveCfg = Debug|Any CPU
		{B0F3E9D8-D6E2-832A-2DD1-B76BC9DA9086}.Debug|Any CPU.Build.0 = Debug|Any CPU
		{B0F3E9D8-D6E2-832A-2DD1-B76BC9DA9086}.Release|Any CPU.ActiveCfg = Release|Any CPU
		{B0F3E9D8-D6E2-832A-2DD1-B76BC9DA9086}.Release|Any CPU.Build.0 = Release|Any CPU
		{E89D893B-230B-B2DD-D6D2-613EB82F3FFA}.Debug|Any CPU.ActiveCfg = Debug|Any CPU
		{E89D893B-230B-B2DD-D6D2-613EB82F3FFA}.Debug|Any CPU.Build.0 = Debug|Any CPU
		{E89D893B-230B-B2DD-D6D2-613EB82F3FFA}.Release|Any CPU.ActiveCfg = Release|Any CPU
		{E89D893B-230B-B2DD-D6D2-613EB82F3FFA}.Release|Any CPU.Build.0 = Release|Any CPU
		{B998AC9B-1F09-75EB-C87E-911CE806EA68}.Debug|Any CPU.ActiveCfg = Debug|Any CPU
		{B998AC9B-1F09-75EB-C87E-911CE806EA68}.Debug|Any CPU.Build.0 = Debug|Any CPU
		{B998AC9B-1F09-75EB-C87E-911CE806EA68}.Release|Any CPU.ActiveCfg = Release|Any CPU
		{B998AC9B-1F09-75EB-C87E-911CE806EA68}.Release|Any CPU.Build.0 = Release|Any CPU
		{37DAA607-6301-481F-34FF-99A5250D0B91}.Debug|Any CPU.ActiveCfg = Debug|Any CPU
		{37DAA607-6301-481F-34FF-99A5250D0B91}.Debug|Any CPU.Build.0 = Debug|Any CPU
		{37DAA607-6301-481F-34FF-99A5250D0B91}.Release|Any CPU.ActiveCfg = Release|Any CPU
		{37DAA607-6301-481F-34FF-99A5250D0B91}.Release|Any CPU.Build.0 = Release|Any CPU
		{7E94E173-1102-BE83-A14A-8CA307300FA5}.Debug|Any CPU.ActiveCfg = Debug|Any CPU
		{7E94E173-1102-BE83-A14A-8CA307300FA5}.Debug|Any CPU.Build.0 = Debug|Any CPU
		{7E94E173-1102-BE83-A14A-8CA307300FA5}.Release|Any CPU.ActiveCfg = Release|Any CPU
		{7E94E173-1102-BE83-A14A-8CA307300FA5}.Release|Any CPU.Build.0 = Release|Any CPU
	EndGlobalSection
	GlobalSection(SolutionProperties) = preSolution
		HideSolutionNode = FALSE
	EndGlobalSection
EndGlobal
